// !$*UTF8*$!
{
	archiveVersion = 1;
	classes = {
	};
	objectVersion = 56;
	objects = {

/* Begin PBXBuildFile section */
		EB2DFA272BCE77E200A27630 /* DetailView.swift in Sources */ = {isa = PBXBuildFile; fileRef = EB2DFA262BCE77E200A27630 /* DetailView.swift */; };
		EB2DFA292BCE79D800A27630 /* Double.swift in Sources */ = {isa = PBXBuildFile; fileRef = EB2DFA282BCE79D800A27630 /* Double.swift */; };
		EB2DFA2B2BCE927400A27630 /* CustomTabBarView.swift in Sources */ = {isa = PBXBuildFile; fileRef = EB2DFA2A2BCE927400A27630 /* CustomTabBarView.swift */; };
		EB2DFA2D2BCE96E500A27630 /* UploadEventView.swift in Sources */ = {isa = PBXBuildFile; fileRef = EB2DFA2C2BCE96E500A27630 /* UploadEventView.swift */; };
		EB5547E32BD0EEC000D891A4 /* CategoryView.swift in Sources */ = {isa = PBXBuildFile; fileRef = EB5547E22BD0EEC000D891A4 /* CategoryView.swift */; };
		EB5547E52BD0EF8A00D891A4 /* PriceIndicator.swift in Sources */ = {isa = PBXBuildFile; fileRef = EB5547E42BD0EF8A00D891A4 /* PriceIndicator.swift */; };
		EB5547E72BD0F04F00D891A4 /* HeaderView.swift in Sources */ = {isa = PBXBuildFile; fileRef = EB5547E62BD0F04F00D891A4 /* HeaderView.swift */; };
		EB5547E92BD0F66600D891A4 /* ImageGallery.swift in Sources */ = {isa = PBXBuildFile; fileRef = EB5547E82BD0F66600D891A4 /* ImageGallery.swift */; };
		EBB39EC22BCE43E500AB2E52 /* EventlyApp.swift in Sources */ = {isa = PBXBuildFile; fileRef = EBB39EC12BCE43E500AB2E52 /* EventlyApp.swift */; };
		EBB39EC42BCE43E500AB2E52 /* ContentView.swift in Sources */ = {isa = PBXBuildFile; fileRef = EBB39EC32BCE43E500AB2E52 /* ContentView.swift */; };
		EBB39EC62BCE43E700AB2E52 /* Assets.xcassets in Resources */ = {isa = PBXBuildFile; fileRef = EBB39EC52BCE43E700AB2E52 /* Assets.xcassets */; };
		EBB39EC92BCE43E700AB2E52 /* Preview Assets.xcassets in Resources */ = {isa = PBXBuildFile; fileRef = EBB39EC82BCE43E700AB2E52 /* Preview Assets.xcassets */; };
		EBB39ED12BCE447400AB2E52 /* EventCard.swift in Sources */ = {isa = PBXBuildFile; fileRef = EBB39ED02BCE447400AB2E52 /* EventCard.swift */; };
		EBB39ED32BCE447F00AB2E52 /* Data.swift in Sources */ = {isa = PBXBuildFile; fileRef = EBB39ED22BCE447F00AB2E52 /* Data.swift */; };
		EBC72A052BCE4B08002E33B9 /* View.swift in Sources */ = {isa = PBXBuildFile; fileRef = EBC72A042BCE4B08002E33B9 /* View.swift */; };
		EBC72A072BCE5398002E33B9 /* EventsView.swift in Sources */ = {isa = PBXBuildFile; fileRef = EBC72A062BCE5398002E33B9 /* EventsView.swift */; };
		EBCCBEDD2BCFB4DE00ADF38F /* UINavigationController.swift in Sources */ = {isa = PBXBuildFile; fileRef = EBCCBEDC2BCFB4DE00ADF38F /* UINavigationController.swift */; };
		EBCCBEDF2BCFE46400ADF38F /* SearchView.swift in Sources */ = {isa = PBXBuildFile; fileRef = EBCCBEDE2BCFE46400ADF38F /* SearchView.swift */; };
		EBCCBEE32BCFED2600ADF38F /* SearchBar.swift in Sources */ = {isa = PBXBuildFile; fileRef = EBCCBEE22BCFED2600ADF38F /* SearchBar.swift */; };
		EBCCBEE52BCFFA9400ADF38F /* SavedEventsView.swift in Sources */ = {isa = PBXBuildFile; fileRef = EBCCBEE42BCFFA9400ADF38F /* SavedEventsView.swift */; };
/* End PBXBuildFile section */

/* Begin PBXFileReference section */
		EB2DFA262BCE77E200A27630 /* DetailView.swift */ = {isa = PBXFileReference; lastKnownFileType = sourcecode.swift; path = DetailView.swift; sourceTree = "<group>"; };
		EB2DFA282BCE79D800A27630 /* Double.swift */ = {isa = PBXFileReference; lastKnownFileType = sourcecode.swift; path = Double.swift; sourceTree = "<group>"; };
		EB2DFA2A2BCE927400A27630 /* CustomTabBarView.swift */ = {isa = PBXFileReference; lastKnownFileType = sourcecode.swift; path = CustomTabBarView.swift; sourceTree = "<group>"; };
		EB2DFA2C2BCE96E500A27630 /* UploadEventView.swift */ = {isa = PBXFileReference; lastKnownFileType = sourcecode.swift; path = UploadEventView.swift; sourceTree = "<group>"; };
		EB5547E22BD0EEC000D891A4 /* CategoryView.swift */ = {isa = PBXFileReference; lastKnownFileType = sourcecode.swift; path = CategoryView.swift; sourceTree = "<group>"; };
		EB5547E42BD0EF8A00D891A4 /* PriceIndicator.swift */ = {isa = PBXFileReference; lastKnownFileType = sourcecode.swift; path = PriceIndicator.swift; sourceTree = "<group>"; };
		EB5547E62BD0F04F00D891A4 /* HeaderView.swift */ = {isa = PBXFileReference; lastKnownFileType = sourcecode.swift; path = HeaderView.swift; sourceTree = "<group>"; };
		EB5547E82BD0F66600D891A4 /* ImageGallery.swift */ = {isa = PBXFileReference; lastKnownFileType = sourcecode.swift; path = ImageGallery.swift; sourceTree = "<group>"; };
		EBB39EBE2BCE43E500AB2E52 /* Evently.app */ = {isa = PBXFileReference; explicitFileType = wrapper.application; includeInIndex = 0; path = Evently.app; sourceTree = BUILT_PRODUCTS_DIR; };
		EBB39EC12BCE43E500AB2E52 /* EventlyApp.swift */ = {isa = PBXFileReference; lastKnownFileType = sourcecode.swift; path = EventlyApp.swift; sourceTree = "<group>"; };
		EBB39EC32BCE43E500AB2E52 /* ContentView.swift */ = {isa = PBXFileReference; lastKnownFileType = sourcecode.swift; path = ContentView.swift; sourceTree = "<group>"; };
		EBB39EC52BCE43E700AB2E52 /* Assets.xcassets */ = {isa = PBXFileReference; lastKnownFileType = folder.assetcatalog; path = Assets.xcassets; sourceTree = "<group>"; };
		EBB39EC82BCE43E700AB2E52 /* Preview Assets.xcassets */ = {isa = PBXFileReference; lastKnownFileType = folder.assetcatalog; path = "Preview Assets.xcassets"; sourceTree = "<group>"; };
		EBB39ED02BCE447400AB2E52 /* EventCard.swift */ = {isa = PBXFileReference; lastKnownFileType = sourcecode.swift; path = EventCard.swift; sourceTree = "<group>"; };
		EBB39ED22BCE447F00AB2E52 /* Data.swift */ = {isa = PBXFileReference; lastKnownFileType = sourcecode.swift; path = Data.swift; sourceTree = "<group>"; };
		EBC72A042BCE4B08002E33B9 /* View.swift */ = {isa = PBXFileReference; lastKnownFileType = sourcecode.swift; path = View.swift; sourceTree = "<group>"; };
		EBC72A062BCE5398002E33B9 /* EventsView.swift */ = {isa = PBXFileReference; lastKnownFileType = sourcecode.swift; path = EventsView.swift; sourceTree = "<group>"; };
		EBCCBEDC2BCFB4DE00ADF38F /* UINavigationController.swift */ = {isa = PBXFileReference; lastKnownFileType = sourcecode.swift; path = UINavigationController.swift; sourceTree = "<group>"; };
		EBCCBEDE2BCFE46400ADF38F /* SearchView.swift */ = {isa = PBXFileReference; lastKnownFileType = sourcecode.swift; path = SearchView.swift; sourceTree = "<group>"; };
		EBCCBEE22BCFED2600ADF38F /* SearchBar.swift */ = {isa = PBXFileReference; lastKnownFileType = sourcecode.swift; path = SearchBar.swift; sourceTree = "<group>"; };
		EBCCBEE42BCFFA9400ADF38F /* SavedEventsView.swift */ = {isa = PBXFileReference; lastKnownFileType = sourcecode.swift; path = SavedEventsView.swift; sourceTree = "<group>"; };
/* End PBXFileReference section */

/* Begin PBXFrameworksBuildPhase section */
		EBB39EBB2BCE43E500AB2E52 /* Frameworks */ = {
			isa = PBXFrameworksBuildPhase;
			buildActionMask = 2147483647;
			files = (
			);
			runOnlyForDeploymentPostprocessing = 0;
		};
/* End PBXFrameworksBuildPhase section */

/* Begin PBXGroup section */
		EBB39EB52BCE43E500AB2E52 = {
			isa = PBXGroup;
			children = (
				EBB39EC02BCE43E500AB2E52 /* Evently */,
				EBB39EBF2BCE43E500AB2E52 /* Products */,
			);
			sourceTree = "<group>";
		};
		EBB39EBF2BCE43E500AB2E52 /* Products */ = {
			isa = PBXGroup;
			children = (
				EBB39EBE2BCE43E500AB2E52 /* Evently.app */,
			);
			name = Products;
			sourceTree = "<group>";
		};
		EBB39EC02BCE43E500AB2E52 /* Evently */ = {
			isa = PBXGroup;
			children = (
				EBC72A092BCE53A4002E33B9 /* Components */,
				EBC72A032BCE4AFF002E33B9 /* Extensions */,
				EBB39ED22BCE447F00AB2E52 /* Data.swift */,
				EBB39ECF2BCE43F400AB2E52 /* Views */,
				EBB39EC12BCE43E500AB2E52 /* EventlyApp.swift */,
				EBB39EC32BCE43E500AB2E52 /* ContentView.swift */,
				EBB39EC52BCE43E700AB2E52 /* Assets.xcassets */,
				EBB39EC72BCE43E700AB2E52 /* Preview Content */,
			);
			path = Evently;
			sourceTree = "<group>";
		};
		EBB39EC72BCE43E700AB2E52 /* Preview Content */ = {
			isa = PBXGroup;
			children = (
				EBB39EC82BCE43E700AB2E52 /* Preview Assets.xcassets */,
			);
			path = "Preview Content";
			sourceTree = "<group>";
		};
		EBB39ECF2BCE43F400AB2E52 /* Views */ = {
			isa = PBXGroup;
			children = (
				EBC72A062BCE5398002E33B9 /* EventsView.swift */,
				EB2DFA262BCE77E200A27630 /* DetailView.swift */,
				EB2DFA2A2BCE927400A27630 /* CustomTabBarView.swift */,
				EB2DFA2C2BCE96E500A27630 /* UploadEventView.swift */,
				EBCCBEDE2BCFE46400ADF38F /* SearchView.swift */,
				EBCCBEE42BCFFA9400ADF38F /* SavedEventsView.swift */,
				EB5547E22BD0EEC000D891A4 /* CategoryView.swift */,
				EB5547E62BD0F04F00D891A4 /* HeaderView.swift */,
			);
			path = Views;
			sourceTree = "<group>";
		};
		EBC72A032BCE4AFF002E33B9 /* Extensions */ = {
			isa = PBXGroup;
			children = (
				EBC72A042BCE4B08002E33B9 /* View.swift */,
				EB2DFA282BCE79D800A27630 /* Double.swift */,
				EBCCBEDC2BCFB4DE00ADF38F /* UINavigationController.swift */,
			);
			path = Extensions;
			sourceTree = "<group>";
		};
		EBC72A092BCE53A4002E33B9 /* Components */ = {
			isa = PBXGroup;
			children = (
				EBB39ED02BCE447400AB2E52 /* EventCard.swift */,
				EB5547E42BD0EF8A00D891A4 /* PriceIndicator.swift */,
				EBCCBEE22BCFED2600ADF38F /* SearchBar.swift */,
				EB5547E82BD0F66600D891A4 /* ImageGallery.swift */,
			);
			path = Components;
			sourceTree = "<group>";
		};
/* End PBXGroup section */

/* Begin PBXNativeTarget section */
		EBB39EBD2BCE43E500AB2E52 /* Evently */ = {
			isa = PBXNativeTarget;
			buildConfigurationList = EBB39ECC2BCE43E700AB2E52 /* Build configuration list for PBXNativeTarget "Evently" */;
			buildPhases = (
				EBB39EBA2BCE43E500AB2E52 /* Sources */,
				EBB39EBB2BCE43E500AB2E52 /* Frameworks */,
				EBB39EBC2BCE43E500AB2E52 /* Resources */,
			);
			buildRules = (
			);
			dependencies = (
			);
			name = Evently;
			productName = Evently;
			productReference = EBB39EBE2BCE43E500AB2E52 /* Evently.app */;
			productType = "com.apple.product-type.application";
		};
/* End PBXNativeTarget section */

/* Begin PBXProject section */
		EBB39EB62BCE43E500AB2E52 /* Project object */ = {
			isa = PBXProject;
			attributes = {
				BuildIndependentTargetsInParallel = 1;
				LastSwiftUpdateCheck = 1530;
				LastUpgradeCheck = 1530;
				TargetAttributes = {
					EBB39EBD2BCE43E500AB2E52 = {
						CreatedOnToolsVersion = 15.3;
					};
				};
			};
			buildConfigurationList = EBB39EB92BCE43E500AB2E52 /* Build configuration list for PBXProject "Evently" */;
			compatibilityVersion = "Xcode 14.0";
			developmentRegion = en;
			hasScannedForEncodings = 0;
			knownRegions = (
				en,
				Base,
			);
			mainGroup = EBB39EB52BCE43E500AB2E52;
			productRefGroup = EBB39EBF2BCE43E500AB2E52 /* Products */;
			projectDirPath = "";
			projectRoot = "";
			targets = (
				EBB39EBD2BCE43E500AB2E52 /* Evently */,
			);
		};
/* End PBXProject section */

/* Begin PBXResourcesBuildPhase section */
		EBB39EBC2BCE43E500AB2E52 /* Resources */ = {
			isa = PBXResourcesBuildPhase;
			buildActionMask = 2147483647;
			files = (
				EBB39EC92BCE43E700AB2E52 /* Preview Assets.xcassets in Resources */,
				EBB39EC62BCE43E700AB2E52 /* Assets.xcassets in Resources */,
			);
			runOnlyForDeploymentPostprocessing = 0;
		};
/* End PBXResourcesBuildPhase section */

/* Begin PBXSourcesBuildPhase section */
		EBB39EBA2BCE43E500AB2E52 /* Sources */ = {
			isa = PBXSourcesBuildPhase;
			buildActionMask = 2147483647;
			files = (
				EB5547E92BD0F66600D891A4 /* ImageGallery.swift in Sources */,
				EB2DFA2B2BCE927400A27630 /* CustomTabBarView.swift in Sources */,
				EBB39EC42BCE43E500AB2E52 /* ContentView.swift in Sources */,
				EBB39ED12BCE447400AB2E52 /* EventCard.swift in Sources */,
				EB2DFA292BCE79D800A27630 /* Double.swift in Sources */,
				EB2DFA2D2BCE96E500A27630 /* UploadEventView.swift in Sources */,
				EBCCBEE52BCFFA9400ADF38F /* SavedEventsView.swift in Sources */,
				EB5547E72BD0F04F00D891A4 /* HeaderView.swift in Sources */,
				EB5547E32BD0EEC000D891A4 /* CategoryView.swift in Sources */,
				EBCCBEDD2BCFB4DE00ADF38F /* UINavigationController.swift in Sources */,
				EBC72A052BCE4B08002E33B9 /* View.swift in Sources */,
				EBCCBEE32BCFED2600ADF38F /* SearchBar.swift in Sources */,
				EB2DFA272BCE77E200A27630 /* DetailView.swift in Sources */,
				EBCCBEDF2BCFE46400ADF38F /* SearchView.swift in Sources */,
				EBC72A072BCE5398002E33B9 /* EventsView.swift in Sources */,
				EBB39EC22BCE43E500AB2E52 /* EventlyApp.swift in Sources */,
				EBB39ED32BCE447F00AB2E52 /* Data.swift in Sources */,
				EB5547E52BD0EF8A00D891A4 /* PriceIndicator.swift in Sources */,
			);
			runOnlyForDeploymentPostprocessing = 0;
		};
/* End PBXSourcesBuildPhase section */

/* Begin XCBuildConfiguration section */
		EBB39ECA2BCE43E700AB2E52 /* Debug */ = {
			isa = XCBuildConfiguration;
			buildSettings = {
				ALWAYS_SEARCH_USER_PATHS = NO;
				ASSETCATALOG_COMPILER_GENERATE_SWIFT_ASSET_SYMBOL_EXTENSIONS = YES;
				CLANG_ANALYZER_NONNULL = YES;
				CLANG_ANALYZER_NUMBER_OBJECT_CONVERSION = YES_AGGRESSIVE;
				CLANG_CXX_LANGUAGE_STANDARD = "gnu++20";
				CLANG_ENABLE_MODULES = YES;
				CLANG_ENABLE_OBJC_ARC = YES;
				CLANG_ENABLE_OBJC_WEAK = YES;
				CLANG_WARN_BLOCK_CAPTURE_AUTORELEASING = YES;
				CLANG_WARN_BOOL_CONVERSION = YES;
				CLANG_WARN_COMMA = YES;
				CLANG_WARN_CONSTANT_CONVERSION = YES;
				CLANG_WARN_DEPRECATED_OBJC_IMPLEMENTATIONS = YES;
				CLANG_WARN_DIRECT_OBJC_ISA_USAGE = YES_ERROR;
				CLANG_WARN_DOCUMENTATION_COMMENTS = YES;
				CLANG_WARN_EMPTY_BODY = YES;
				CLANG_WARN_ENUM_CONVERSION = YES;
				CLANG_WARN_INFINITE_RECURSION = YES;
				CLANG_WARN_INT_CONVERSION = YES;
				CLANG_WARN_NON_LITERAL_NULL_CONVERSION = YES;
				CLANG_WARN_OBJC_IMPLICIT_RETAIN_SELF = YES;
				CLANG_WARN_OBJC_LITERAL_CONVERSION = YES;
				CLANG_WARN_OBJC_ROOT_CLASS = YES_ERROR;
				CLANG_WARN_QUOTED_INCLUDE_IN_FRAMEWORK_HEADER = YES;
				CLANG_WARN_RANGE_LOOP_ANALYSIS = YES;
				CLANG_WARN_STRICT_PROTOTYPES = YES;
				CLANG_WARN_SUSPICIOUS_MOVE = YES;
				CLANG_WARN_UNGUARDED_AVAILABILITY = YES_AGGRESSIVE;
				CLANG_WARN_UNREACHABLE_CODE = YES;
				CLANG_WARN__DUPLICATE_METHOD_MATCH = YES;
				COPY_PHASE_STRIP = NO;
				DEBUG_INFORMATION_FORMAT = dwarf;
				ENABLE_STRICT_OBJC_MSGSEND = YES;
				ENABLE_TESTABILITY = YES;
				ENABLE_USER_SCRIPT_SANDBOXING = YES;
				GCC_C_LANGUAGE_STANDARD = gnu17;
				GCC_DYNAMIC_NO_PIC = NO;
				GCC_NO_COMMON_BLOCKS = YES;
				GCC_OPTIMIZATION_LEVEL = 0;
				GCC_PREPROCESSOR_DEFINITIONS = (
					"DEBUG=1",
					"$(inherited)",
				);
				GCC_WARN_64_TO_32_BIT_CONVERSION = YES;
				GCC_WARN_ABOUT_RETURN_TYPE = YES_ERROR;
				GCC_WARN_UNDECLARED_SELECTOR = YES;
				GCC_WARN_UNINITIALIZED_AUTOS = YES_AGGRESSIVE;
				GCC_WARN_UNUSED_FUNCTION = YES;
				GCC_WARN_UNUSED_VARIABLE = YES;
				IPHONEOS_DEPLOYMENT_TARGET = 17.4;
				LOCALIZATION_PREFERS_STRING_CATALOGS = YES;
				MTL_ENABLE_DEBUG_INFO = INCLUDE_SOURCE;
				MTL_FAST_MATH = YES;
				ONLY_ACTIVE_ARCH = YES;
				SDKROOT = iphoneos;
				SWIFT_ACTIVE_COMPILATION_CONDITIONS = "DEBUG $(inherited)";
				SWIFT_OPTIMIZATION_LEVEL = "-Onone";
			};
			name = Debug;
		};
		EBB39ECB2BCE43E700AB2E52 /* Release */ = {
			isa = XCBuildConfiguration;
			buildSettings = {
				ALWAYS_SEARCH_USER_PATHS = NO;
				ASSETCATALOG_COMPILER_GENERATE_SWIFT_ASSET_SYMBOL_EXTENSIONS = YES;
				CLANG_ANALYZER_NONNULL = YES;
				CLANG_ANALYZER_NUMBER_OBJECT_CONVERSION = YES_AGGRESSIVE;
				CLANG_CXX_LANGUAGE_STANDARD = "gnu++20";
				CLANG_ENABLE_MODULES = YES;
				CLANG_ENABLE_OBJC_ARC = YES;
				CLANG_ENABLE_OBJC_WEAK = YES;
				CLANG_WARN_BLOCK_CAPTURE_AUTORELEASING = YES;
				CLANG_WARN_BOOL_CONVERSION = YES;
				CLANG_WARN_COMMA = YES;
				CLANG_WARN_CONSTANT_CONVERSION = YES;
				CLANG_WARN_DEPRECATED_OBJC_IMPLEMENTATIONS = YES;
				CLANG_WARN_DIRECT_OBJC_ISA_USAGE = YES_ERROR;
				CLANG_WARN_DOCUMENTATION_COMMENTS = YES;
				CLANG_WARN_EMPTY_BODY = YES;
				CLANG_WARN_ENUM_CONVERSION = YES;
				CLANG_WARN_INFINITE_RECURSION = YES;
				CLANG_WARN_INT_CONVERSION = YES;
				CLANG_WARN_NON_LITERAL_NULL_CONVERSION = YES;
				CLANG_WARN_OBJC_IMPLICIT_RETAIN_SELF = YES;
				CLANG_WARN_OBJC_LITERAL_CONVERSION = YES;
				CLANG_WARN_OBJC_ROOT_CLASS = YES_ERROR;
				CLANG_WARN_QUOTED_INCLUDE_IN_FRAMEWORK_HEADER = YES;
				CLANG_WARN_RANGE_LOOP_ANALYSIS = YES;
				CLANG_WARN_STRICT_PROTOTYPES = YES;
				CLANG_WARN_SUSPICIOUS_MOVE = YES;
				CLANG_WARN_UNGUARDED_AVAILABILITY = YES_AGGRESSIVE;
				CLANG_WARN_UNREACHABLE_CODE = YES;
				CLANG_WARN__DUPLICATE_METHOD_MATCH = YES;
				COPY_PHASE_STRIP = NO;
				DEBUG_INFORMATION_FORMAT = "dwarf-with-dsym";
				ENABLE_NS_ASSERTIONS = NO;
				ENABLE_STRICT_OBJC_MSGSEND = YES;
				ENABLE_USER_SCRIPT_SANDBOXING = YES;
				GCC_C_LANGUAGE_STANDARD = gnu17;
				GCC_NO_COMMON_BLOCKS = YES;
				GCC_WARN_64_TO_32_BIT_CONVERSION = YES;
				GCC_WARN_ABOUT_RETURN_TYPE = YES_ERROR;
				GCC_WARN_UNDECLARED_SELECTOR = YES;
				GCC_WARN_UNINITIALIZED_AUTOS = YES_AGGRESSIVE;
				GCC_WARN_UNUSED_FUNCTION = YES;
				GCC_WARN_UNUSED_VARIABLE = YES;
				IPHONEOS_DEPLOYMENT_TARGET = 17.4;
				LOCALIZATION_PREFERS_STRING_CATALOGS = YES;
				MTL_ENABLE_DEBUG_INFO = NO;
				MTL_FAST_MATH = YES;
				SDKROOT = iphoneos;
				SWIFT_COMPILATION_MODE = wholemodule;
				VALIDATE_PRODUCT = YES;
			};
			name = Release;
		};
		EBB39ECD2BCE43E700AB2E52 /* Debug */ = {
			isa = XCBuildConfiguration;
			buildSettings = {
				ASSETCATALOG_COMPILER_APPICON_NAME = AppIcon;
				ASSETCATALOG_COMPILER_GLOBAL_ACCENT_COLOR_NAME = AccentColor;
				CODE_SIGN_STYLE = Automatic;
				CURRENT_PROJECT_VERSION = 1;
				DEVELOPMENT_ASSET_PATHS = "\"Evently/Preview Content\"";
				DEVELOPMENT_TEAM = 3B774A48BY;
				ENABLE_PREVIEWS = YES;
				GENERATE_INFOPLIST_FILE = YES;
				INFOPLIST_KEY_UIApplicationSceneManifest_Generation = YES;
				INFOPLIST_KEY_UIApplicationSupportsIndirectInputEvents = YES;
				INFOPLIST_KEY_UILaunchScreen_Generation = YES;
				INFOPLIST_KEY_UISupportedInterfaceOrientations_iPad = "UIInterfaceOrientationPortrait UIInterfaceOrientationPortraitUpsideDown UIInterfaceOrientationLandscapeLeft UIInterfaceOrientationLandscapeRight";
				INFOPLIST_KEY_UISupportedInterfaceOrientations_iPhone = "UIInterfaceOrientationPortrait UIInterfaceOrientationLandscapeLeft UIInterfaceOrientationLandscapeRight";
				LD_RUNPATH_SEARCH_PATHS = (
					"$(inherited)",
					"@executable_path/Frameworks",
				);
				MARKETING_VERSION = 1.0;
				PRODUCT_BUNDLE_IDENTIFIER = com.baranskas.Evently;
				PRODUCT_NAME = "$(TARGET_NAME)";
				SWIFT_EMIT_LOC_STRINGS = YES;
				SWIFT_VERSION = 5.0;
				TARGETED_DEVICE_FAMILY = "1,2";
			};
			name = Debug;
		};
		EBB39ECE2BCE43E700AB2E52 /* Release */ = {
			isa = XCBuildConfiguration;
			buildSettings = {
				ASSETCATALOG_COMPILER_APPICON_NAME = AppIcon;
				ASSETCATALOG_COMPILER_GLOBAL_ACCENT_COLOR_NAME = AccentColor;
				CODE_SIGN_STYLE = Automatic;
				CURRENT_PROJECT_VERSION = 1;
				DEVELOPMENT_ASSET_PATHS = "\"Evently/Preview Content\"";
				DEVELOPMENT_TEAM = 3B774A48BY;
				ENABLE_PREVIEWS = YES;
				GENERATE_INFOPLIST_FILE = YES;
				INFOPLIST_KEY_UIApplicationSceneManifest_Generation = YES;
				INFOPLIST_KEY_UIApplicationSupportsIndirectInputEvents = YES;
				INFOPLIST_KEY_UILaunchScreen_Generation = YES;
				INFOPLIST_KEY_UISupportedInterfaceOrientations_iPad = "UIInterfaceOrientationPortrait UIInterfaceOrientationPortraitUpsideDown UIInterfaceOrientationLandscapeLeft UIInterfaceOrientationLandscapeRight";
				INFOPLIST_KEY_UISupportedInterfaceOrientations_iPhone = "UIInterfaceOrientationPortrait UIInterfaceOrientationLandscapeLeft UIInterfaceOrientationLandscapeRight";
				LD_RUNPATH_SEARCH_PATHS = (
					"$(inherited)",
					"@executable_path/Frameworks",
				);
				MARKETING_VERSION = 1.0;
				PRODUCT_BUNDLE_IDENTIFIER = com.baranskas.Evently;
				PRODUCT_NAME = "$(TARGET_NAME)";
				SWIFT_EMIT_LOC_STRINGS = YES;
				SWIFT_VERSION = 5.0;
				TARGETED_DEVICE_FAMILY = "1,2";
			};
			name = Release;
		};
/* End XCBuildConfiguration section */

/* Begin XCConfigurationList section */
		EBB39EB92BCE43E500AB2E52 /* Build configuration list for PBXProject "Evently" */ = {
			isa = XCConfigurationList;
			buildConfigurations = (
				EBB39ECA2BCE43E700AB2E52 /* Debug */,
				EBB39ECB2BCE43E700AB2E52 /* Release */,
			);
			defaultConfigurationIsVisible = 0;
			defaultConfigurationName = Release;
		};
		EBB39ECC2BCE43E700AB2E52 /* Build configuration list for PBXNativeTarget "Evently" */ = {
			isa = XCConfigurationList;
			buildConfigurations = (
				EBB39ECD2BCE43E700AB2E52 /* Debug */,
				EBB39ECE2BCE43E700AB2E52 /* Release */,
			);
			defaultConfigurationIsVisible = 0;
			defaultConfigurationName = Release;
		};
/* End XCConfigurationList section */
	};
	rootObject = EBB39EB62BCE43E500AB2E52 /* Project object */;
}
